// !$*UTF8*$!
{
	archiveVersion = 1;
	classes = {
	};
	objectVersion = 46;
	objects = {

/* Begin PBXBuildFile section */
		763C90441BA97501002E6597 /* TENStartViewController.m in Sources */ = {isa = PBXBuildFile; fileRef = 763C90431BA97501002E6597 /* TENStartViewController.m */; };
		763C904A1BA9759A002E6597 /* TENStartView.m in Sources */ = {isa = PBXBuildFile; fileRef = 763C90491BA9759A002E6597 /* TENStartView.m */; };
		764F2FD31BA6CB2000397555 /* main.m in Sources */ = {isa = PBXBuildFile; fileRef = 764F2FD21BA6CB2000397555 /* main.m */; };
		764F2FD61BA6CB2000397555 /* AppDelegate.m in Sources */ = {isa = PBXBuildFile; fileRef = 764F2FD51BA6CB2000397555 /* AppDelegate.m */; };
		764F2FDC1BA6CB2000397555 /* Main.storyboard in Resources */ = {isa = PBXBuildFile; fileRef = 764F2FDA1BA6CB2000397555 /* Main.storyboard */; };
		764F2FDE1BA6CB2000397555 /* Images.xcassets in Resources */ = {isa = PBXBuildFile; fileRef = 764F2FDD1BA6CB2000397555 /* Images.xcassets */; };
		764F2FE11BA6CB2000397555 /* LaunchScreen.xib in Resources */ = {isa = PBXBuildFile; fileRef = 764F2FDF1BA6CB2000397555 /* LaunchScreen.xib */; };
		764F2FED1BA6CB2000397555 /* TENStoryBoardTests.m in Sources */ = {isa = PBXBuildFile; fileRef = 764F2FEC1BA6CB2000397555 /* TENStoryBoardTests.m */; };
/* End PBXBuildFile section */

/* Begin PBXContainerItemProxy section */
		764F2FE71BA6CB2000397555 /* PBXContainerItemProxy */ = {
			isa = PBXContainerItemProxy;
			containerPortal = 764F2FC51BA6CB2000397555 /* Project object */;
			proxyType = 1;
			remoteGlobalIDString = 764F2FCC1BA6CB2000397555;
			remoteInfo = TENStoryBoard;
		};
/* End PBXContainerItemProxy section */

/* Begin PBXFileReference section */
		763C90421BA97501002E6597 /* TENStartViewController.h */ = {isa = PBXFileReference; fileEncoding = 4; lastKnownFileType = sourcecode.c.h; path = TENStartViewController.h; sourceTree = "<group>"; };
		763C90431BA97501002E6597 /* TENStartViewController.m */ = {isa = PBXFileReference; fileEncoding = 4; lastKnownFileType = sourcecode.c.objc; path = TENStartViewController.m; sourceTree = "<group>"; };
		763C90481BA9759A002E6597 /* TENStartView.h */ = {isa = PBXFileReference; fileEncoding = 4; lastKnownFileType = sourcecode.c.h; path = TENStartView.h; sourceTree = "<group>"; };
		763C90491BA9759A002E6597 /* TENStartView.m */ = {isa = PBXFileReference; fileEncoding = 4; lastKnownFileType = sourcecode.c.objc; path = TENStartView.m; sourceTree = "<group>"; };
		764F2FCD1BA6CB2000397555 /* TENStoryBoard.app */ = {isa = PBXFileReference; explicitFileType = wrapper.application; includeInIndex = 0; path = TENStoryBoard.app; sourceTree = BUILT_PRODUCTS_DIR; };
		764F2FD11BA6CB2000397555 /* Info.plist */ = {isa = PBXFileReference; lastKnownFileType = text.plist.xml; path = Info.plist; sourceTree = "<group>"; };
		764F2FD21BA6CB2000397555 /* main.m */ = {isa = PBXFileReference; lastKnownFileType = sourcecode.c.objc; path = main.m; sourceTree = "<group>"; };
		764F2FD41BA6CB2000397555 /* AppDelegate.h */ = {isa = PBXFileReference; lastKnownFileType = sourcecode.c.h; path = AppDelegate.h; sourceTree = "<group>"; };
		764F2FD51BA6CB2000397555 /* AppDelegate.m */ = {isa = PBXFileReference; lastKnownFileType = sourcecode.c.objc; path = AppDelegate.m; sourceTree = "<group>"; };
		764F2FDB1BA6CB2000397555 /* Base */ = {isa = PBXFileReference; lastKnownFileType = file.storyboard; name = Base; path = Base.lproj/Main.storyboard; sourceTree = "<group>"; };
		764F2FDD1BA6CB2000397555 /* Images.xcassets */ = {isa = PBXFileReference; lastKnownFileType = folder.assetcatalog; path = Images.xcassets; sourceTree = "<group>"; };
		764F2FE01BA6CB2000397555 /* Base */ = {isa = PBXFileReference; lastKnownFileType = file.xib; name = Base; path = Base.lproj/LaunchScreen.xib; sourceTree = "<group>"; };
		764F2FE61BA6CB2000397555 /* TENStoryBoardTests.xctest */ = {isa = PBXFileReference; explicitFileType = wrapper.cfbundle; includeInIndex = 0; path = TENStoryBoardTests.xctest; sourceTree = BUILT_PRODUCTS_DIR; };
		764F2FEB1BA6CB2000397555 /* Info.plist */ = {isa = PBXFileReference; lastKnownFileType = text.plist.xml; path = Info.plist; sourceTree = "<group>"; };
		764F2FEC1BA6CB2000397555 /* TENStoryBoardTests.m */ = {isa = PBXFileReference; lastKnownFileType = sourcecode.c.objc; path = TENStoryBoardTests.m; sourceTree = "<group>"; };
/* End PBXFileReference section */

/* Begin PBXFrameworksBuildPhase section */
		764F2FCA1BA6CB2000397555 /* Frameworks */ = {
			isa = PBXFrameworksBuildPhase;
			buildActionMask = 2147483647;
			files = (
			);
			runOnlyForDeploymentPostprocessing = 0;
		};
		764F2FE31BA6CB2000397555 /* Frameworks */ = {
			isa = PBXFrameworksBuildPhase;
			buildActionMask = 2147483647;
			files = (
			);
			runOnlyForDeploymentPostprocessing = 0;
		};
/* End PBXFrameworksBuildPhase section */

/* Begin PBXGroup section */
		763C903F1BA974D7002E6597 /* Source */ = {
			isa = PBXGroup;
			children = (
				763C90401BA974D7002E6597 /* GUI */,
			);
			path = Source;
			sourceTree = "<group>";
		};
		763C90401BA974D7002E6597 /* GUI */ = {
			isa = PBXGroup;
			children = (
				763C90411BA974D7002E6597 /* TENStartViewController */,
			);
			path = GUI;
			sourceTree = "<group>";
		};
		763C90411BA974D7002E6597 /* TENStartViewController */ = {
			isa = PBXGroup;
			children = (
				763C90421BA97501002E6597 /* TENStartViewController.h */,
				763C90431BA97501002E6597 /* TENStartViewController.m */,
				763C90481BA9759A002E6597 /* TENStartView.h */,
				763C90491BA9759A002E6597 /* TENStartView.m */,
			);
			path = TENStartViewController;
			sourceTree = "<group>";
		};
		764F2FC41BA6CB2000397555 = {
			isa = PBXGroup;
			children = (
				763C903F1BA974D7002E6597 /* Source */,
				764F2FCF1BA6CB2000397555 /* TENStoryBoard */,
				764F2FE91BA6CB2000397555 /* TENStoryBoardTests */,
				764F2FCE1BA6CB2000397555 /* Products */,
			);
			sourceTree = "<group>";
		};
		764F2FCE1BA6CB2000397555 /* Products */ = {
			isa = PBXGroup;
			children = (
				764F2FCD1BA6CB2000397555 /* TENStoryBoard.app */,
				764F2FE61BA6CB2000397555 /* TENStoryBoardTests.xctest */,
			);
			name = Products;
			sourceTree = "<group>";
		};
		764F2FCF1BA6CB2000397555 /* TENStoryBoard */ = {
			isa = PBXGroup;
			children = (
				764F2FD41BA6CB2000397555 /* AppDelegate.h */,
				764F2FD51BA6CB2000397555 /* AppDelegate.m */,
				764F2FDA1BA6CB2000397555 /* Main.storyboard */,
				764F2FDD1BA6CB2000397555 /* Images.xcassets */,
				764F2FDF1BA6CB2000397555 /* LaunchScreen.xib */,
				764F2FD01BA6CB2000397555 /* Supporting Files */,
			);
			path = TENStoryBoard;
			sourceTree = "<group>";
		};
		764F2FD01BA6CB2000397555 /* Supporting Files */ = {
			isa = PBXGroup;
			children = (
				764F2FD11BA6CB2000397555 /* Info.plist */,
				764F2FD21BA6CB2000397555 /* main.m */,
			);
			name = "Supporting Files";
			sourceTree = "<group>";
		};
		764F2FE91BA6CB2000397555 /* TENStoryBoardTests */ = {
			isa = PBXGroup;
			children = (
				764F2FEC1BA6CB2000397555 /* TENStoryBoardTests.m */,
				764F2FEA1BA6CB2000397555 /* Supporting Files */,
			);
			path = TENStoryBoardTests;
			sourceTree = "<group>";
		};
		764F2FEA1BA6CB2000397555 /* Supporting Files */ = {
			isa = PBXGroup;
			children = (
				764F2FEB1BA6CB2000397555 /* Info.plist */,
			);
			name = "Supporting Files";
			sourceTree = "<group>";
		};
/* End PBXGroup section */

/* Begin PBXNativeTarget section */
		764F2FCC1BA6CB2000397555 /* TENStoryBoard */ = {
			isa = PBXNativeTarget;
			buildConfigurationList = 764F2FF01BA6CB2000397555 /* Build configuration list for PBXNativeTarget "TENStoryBoard" */;
			buildPhases = (
				764F2FC91BA6CB2000397555 /* Sources */,
				764F2FCA1BA6CB2000397555 /* Frameworks */,
				764F2FCB1BA6CB2000397555 /* Resources */,
			);
			buildRules = (
			);
			dependencies = (
			);
			name = TENStoryBoard;
			productName = TENStoryBoard;
			productReference = 764F2FCD1BA6CB2000397555 /* TENStoryBoard.app */;
			productType = "com.apple.product-type.application";
		};
		764F2FE51BA6CB2000397555 /* TENStoryBoardTests */ = {
			isa = PBXNativeTarget;
			buildConfigurationList = 764F2FF31BA6CB2000397555 /* Build configuration list for PBXNativeTarget "TENStoryBoardTests" */;
			buildPhases = (
				764F2FE21BA6CB2000397555 /* Sources */,
				764F2FE31BA6CB2000397555 /* Frameworks */,
				764F2FE41BA6CB2000397555 /* Resources */,
			);
			buildRules = (
			);
			dependencies = (
				764F2FE81BA6CB2000397555 /* PBXTargetDependency */,
			);
			name = TENStoryBoardTests;
			productName = TENStoryBoardTests;
			productReference = 764F2FE61BA6CB2000397555 /* TENStoryBoardTests.xctest */;
			productType = "com.apple.product-type.bundle.unit-test";
		};
/* End PBXNativeTarget section */

/* Begin PBXProject section */
		764F2FC51BA6CB2000397555 /* Project object */ = {
			isa = PBXProject;
			attributes = {
				LastUpgradeCheck = 0640;
				ORGANIZATIONNAME = 444ten;
				TargetAttributes = {
					764F2FCC1BA6CB2000397555 = {
						CreatedOnToolsVersion = 6.4;
					};
					764F2FE51BA6CB2000397555 = {
						CreatedOnToolsVersion = 6.4;
						TestTargetID = 764F2FCC1BA6CB2000397555;
					};
				};
			};
			buildConfigurationList = 764F2FC81BA6CB2000397555 /* Build configuration list for PBXProject "TENStoryBoard" */;
			compatibilityVersion = "Xcode 3.2";
			developmentRegion = English;
			hasScannedForEncodings = 0;
			knownRegions = (
				en,
				Base,
			);
			mainGroup = 764F2FC41BA6CB2000397555;
			productRefGroup = 764F2FCE1BA6CB2000397555 /* Products */;
			projectDirPath = "";
			projectRoot = "";
			targets = (
				764F2FCC1BA6CB2000397555 /* TENStoryBoard */,
				764F2FE51BA6CB2000397555 /* TENStoryBoardTests */,
			);
		};
/* End PBXProject section */

/* Begin PBXResourcesBuildPhase section */
		764F2FCB1BA6CB2000397555 /* Resources */ = {
			isa = PBXResourcesBuildPhase;
			buildActionMask = 2147483647;
			files = (
				764F2FDC1BA6CB2000397555 /* Main.storyboard in Resources */,
				764F2FE11BA6CB2000397555 /* LaunchScreen.xib in Resources */,
				764F2FDE1BA6CB2000397555 /* Images.xcassets in Resources */,
			);
			runOnlyForDeploymentPostprocessing = 0;
		};
		764F2FE41BA6CB2000397555 /* Resources */ = {
			isa = PBXResourcesBuildPhase;
			buildActionMask = 2147483647;
			files = (
			);
			runOnlyForDeploymentPostprocessing = 0;
		};
/* End PBXResourcesBuildPhase section */

/* Begin PBXSourcesBuildPhase section */
		764F2FC91BA6CB2000397555 /* Sources */ = {
			isa = PBXSourcesBuildPhase;
			buildActionMask = 2147483647;
			files = (
				764F2FD61BA6CB2000397555 /* AppDelegate.m in Sources */,
				763C904A1BA9759A002E6597 /* TENStartView.m in Sources */,
				764F2FD31BA6CB2000397555 /* main.m in Sources */,
				763C90441BA97501002E6597 /* TENStartViewController.m in Sources */,
			);
			runOnlyForDeploymentPostprocessing = 0;
		};
		764F2FE21BA6CB2000397555 /* Sources */ = {
			isa = PBXSourcesBuildPhase;
			buildActionMask = 2147483647;
			files = (
				764F2FED1BA6CB2000397555 /* TENStoryBoardTests.m in Sources */,
			);
			runOnlyForDeploymentPostprocessing = 0;
		};
/* End PBXSourcesBuildPhase section */

/* Begin PBXTargetDependency section */
		764F2FE81BA6CB2000397555 /* PBXTargetDependency */ = {
			isa = PBXTargetDependency;
			target = 764F2FCC1BA6CB2000397555 /* TENStoryBoard */;
			targetProxy = 764F2FE71BA6CB2000397555 /* PBXContainerItemProxy */;
		};
/* End PBXTargetDependency section */

/* Begin PBXVariantGroup section */
		764F2FDA1BA6CB2000397555 /* Main.storyboard */ = {
			isa = PBXVariantGroup;
			children = (
				764F2FDB1BA6CB2000397555 /* Base */,
			);
			name = Main.storyboard;
			sourceTree = "<group>";
		};
		764F2FDF1BA6CB2000397555 /* LaunchScreen.xib */ = {
			isa = PBXVariantGroup;
			children = (
				764F2FE01BA6CB2000397555 /* Base */,
			);
			name = LaunchScreen.xib;
			sourceTree = "<group>";
		};
/* End PBXVariantGroup section */

/* Begin XCBuildConfiguration section */
		764F2FEE1BA6CB2000397555 /* Debug */ = {
			isa = XCBuildConfiguration;
			buildSettings = {
				ALWAYS_SEARCH_USER_PATHS = NO;
				CLANG_CXX_LANGUAGE_STANDARD = "gnu++0x";
				CLANG_CXX_LIBRARY = "libc++";
				CLANG_ENABLE_MODULES = YES;
				CLANG_ENABLE_OBJC_ARC = YES;
				CLANG_WARN_BOOL_CONVERSION = YES;
				CLANG_WARN_CONSTANT_CONVERSION = YES;
				CLANG_WARN_DIRECT_OBJC_ISA_USAGE = YES_ERROR;
				CLANG_WARN_EMPTY_BODY = YES;
				CLANG_WARN_ENUM_CONVERSION = YES;
				CLANG_WARN_INT_CONVERSION = YES;
				CLANG_WARN_OBJC_ROOT_CLASS = YES_ERROR;
				CLANG_WARN_UNREACHABLE_CODE = YES;
				CLANG_WARN__DUPLICATE_METHOD_MATCH = YES;
				"CODE_SIGN_IDENTITY[sdk=iphoneos*]" = "iPhone Developer";
				COPY_PHASE_STRIP = NO;
				DEBUG_INFORMATION_FORMAT = "dwarf-with-dsym";
				ENABLE_STRICT_OBJC_MSGSEND = YES;
				GCC_C_LANGUAGE_STANDARD = gnu99;
				GCC_DYNAMIC_NO_PIC = NO;
				GCC_NO_COMMON_BLOCKS = YES;
				GCC_OPTIMIZATION_LEVEL = 0;
				GCC_PREPROCESSOR_DEFINITIONS = (
					"DEBUG=1",
					"$(inherited)",
				);
				GCC_SYMBOLS_PRIVATE_EXTERN = NO;
				GCC_WARN_64_TO_32_BIT_CONVERSION = YES;
				GCC_WARN_ABOUT_RETURN_TYPE = YES_ERROR;
				GCC_WARN_UNDECLARED_SELECTOR = YES;
				GCC_WARN_UNINITIALIZED_AUTOS = YES_AGGRESSIVE;
				GCC_WARN_UNUSED_FUNCTION = YES;
				GCC_WARN_UNUSED_VARIABLE = YES;
				IPHONEOS_DEPLOYMENT_TARGET = 8.4;
				MTL_ENABLE_DEBUG_INFO = YES;
				ONLY_ACTIVE_ARCH = YES;
				SDKROOT = iphoneos;
				TARGETED_DEVICE_FAMILY = "1,2";
			};
			name = Debug;
		};
		764F2FEF1BA6CB2000397555 /* Release */ = {
			isa = XCBuildConfiguration;
			buildSettings = {
				ALWAYS_SEARCH_USER_PATHS = NO;
				CLANG_CXX_LANGUAGE_STANDARD = "gnu++0x";
				CLANG_CXX_LIBRARY = "libc++";
				CLANG_ENABLE_MODULES = YES;
				CLANG_ENABLE_OBJC_ARC = YES;
				CLANG_WARN_BOOL_CONVERSION = YES;
				CLANG_WARN_CONSTANT_CONVERSION = YES;
				CLANG_WARN_DIRECT_OBJC_ISA_USAGE = YES_ERROR;
				CLANG_WARN_EMPTY_BODY = YES;
				CLANG_WARN_ENUM_CONVERSION = YES;
				CLANG_WARN_INT_CONVERSION = YES;
				CLANG_WARN_OBJC_ROOT_CLASS = YES_ERROR;
				CLANG_WARN_UNREACHABLE_CODE = YES;
				CLANG_WARN__DUPLICATE_METHOD_MATCH = YES;
				"CODE_SIGN_IDENTITY[sdk=iphoneos*]" = "iPhone Developer";
				COPY_PHASE_STRIP = NO;
				DEBUG_INFORMATION_FORMAT = "dwarf-with-dsym";
				ENABLE_NS_ASSERTIONS = NO;
				ENABLE_STRICT_OBJC_MSGSEND = YES;
				GCC_C_LANGUAGE_STANDARD = gnu99;
				GCC_NO_COMMON_BLOCKS = YES;
				GCC_WARN_64_TO_32_BIT_CONVERSION = YES;
				GCC_WARN_ABOUT_RETURN_TYPE = YES_ERROR;
				GCC_WARN_UNDECLARED_SELECTOR = YES;
				GCC_WARN_UNINITIALIZED_AUTOS = YES_AGGRESSIVE;
				GCC_WARN_UNUSED_FUNCTION = YES;
				GCC_WARN_UNUSED_VARIABLE = YES;
				IPHONEOS_DEPLOYMENT_TARGET = 8.4;
				MTL_ENABLE_DEBUG_INFO = NO;
				SDKROOT = iphoneos;
				TARGETED_DEVICE_FAMILY = "1,2";
				VALIDATE_PRODUCT = YES;
			};
			name = Release;
		};
		764F2FF11BA6CB2000397555 /* Debug */ = {
			isa = XCBuildConfiguration;
			buildSettings = {
				ASSETCATALOG_COMPILER_APPICON_NAME = AppIcon;
				INFOPLIST_FILE = TENStoryBoard/Info.plist;
				LD_RUNPATH_SEARCH_PATHS = "$(inherited) @executable_path/Frameworks";
				PRODUCT_NAME = "$(TARGET_NAME)";
			};
			name = Debug;
		};
		764F2FF21BA6CB2000397555 /* Release */ = {
			isa = XCBuildConfiguration;
			buildSettings = {
				ASSETCATALOG_COMPILER_APPICON_NAME = AppIcon;
				INFOPLIST_FILE = TENStoryBoard/Info.plist;
				LD_RUNPATH_SEARCH_PATHS = "$(inherited) @executable_path/Frameworks";
				PRODUCT_NAME = "$(TARGET_NAME)";
			};
			name = Release;
		};
		764F2FF41BA6CB2000397555 /* Debug */ = {
			isa = XCBuildConfiguration;
			buildSettings = {
				BUNDLE_LOADER = "$(TEST_HOST)";
				FRAMEWORK_SEARCH_PATHS = (
					"$(SDKROOT)/Developer/Library/Frameworks",
					"$(inherited)",
				);
				GCC_PREPROCESSOR_DEFINITIONS = (
					"DEBUG=1",
					"$(inherited)",
				);
				INFOPLIST_FILE = TENStoryBoardTests/Info.plist;
				LD_RUNPATH_SEARCH_PATHS = "$(inherited) @executable_path/Frameworks @loader_path/Frameworks";
				PRODUCT_NAME = "$(TARGET_NAME)";
				TEST_HOST = "$(BUILT_PRODUCTS_DIR)/TENStoryBoard.app/TENStoryBoard";
			};
			name = Debug;
		};
		764F2FF51BA6CB2000397555 /* Release */ = {
			isa = XCBuildConfiguration;
			buildSettings = {
				BUNDLE_LOADER = "$(TEST_HOST)";
				FRAMEWORK_SEARCH_PATHS = (
					"$(SDKROOT)/Developer/Library/Frameworks",
					"$(inherited)",
				);
				INFOPLIST_FILE = TENStoryBoardTests/Info.plist;
				LD_RUNPATH_SEARCH_PATHS = "$(inherited) @executable_path/Frameworks @loader_path/Frameworks";
				PRODUCT_NAME = "$(TARGET_NAME)";
				TEST_HOST = "$(BUILT_PRODUCTS_DIR)/TENStoryBoard.app/TENStoryBoard";
			};
			name = Release;
		};
/* End XCBuildConfiguration section */

/* Begin XCConfigurationList section */
		764F2FC81BA6CB2000397555 /* Build configuration list for PBXProject "TENStoryBoard" */ = {
			isa = XCConfigurationList;
			buildConfigurations = (
				764F2FEE1BA6CB2000397555 /* Debug */,
				764F2FEF1BA6CB2000397555 /* Release */,
			);
			defaultConfigurationIsVisible = 0;
			defaultConfigurationName = Release;
		};
		764F2FF01BA6CB2000397555 /* Build configuration list for PBXNativeTarget "TENStoryBoard" */ = {
			isa = XCConfigurationList;
			buildConfigurations = (
				764F2FF11BA6CB2000397555 /* Debug */,
				764F2FF21BA6CB2000397555 /* Release */,
			);
			defaultConfigurationIsVisible = 0;
			defaultConfigurationName = Release;
		};
		764F2FF31BA6CB2000397555 /* Build configuration list for PBXNativeTarget "TENStoryBoardTests" */ = {
			isa = XCConfigurationList;
			buildConfigurations = (
				764F2FF41BA6CB2000397555 /* Debug */,
				764F2FF51BA6CB2000397555 /* Release */,
			);
			defaultConfigurationIsVisible = 0;
			defaultConfigurationName = Release;
		};
/* End XCConfigurationList section */
	};
	rootObject = 764F2FC51BA6CB2000397555 /* Project object */;
}
